
Microsoft Visual Studio Solution File, Format Version 12.00
# Visual Studio Version 17
VisualStudioVersion = 17.0.31919.166
MinimumVisualStudioVersion = 10.0.40219.1
Project("{8BC9CEB8-8B4A-11D0-8D11-00A0C91BC942}") = "ALGS_4S_first_lab", "ALGS_4S_first_lab\ALGS_4S_first_lab.vcxproj", "{861B0179-68F8-4FC7-A3BB-3FFB280BB722}"
EndProject
Project("{8BC9CEB8-8B4A-11D0-8D11-00A0C91BC942}") = "ALGS_4S_first_lab_test", "ALGS_4S_first_lab_test\ALGS_4S_first_lab_test.vcxproj", "{0C9B45D2-D2D9-4C24-ADA4-0A61F0BF2C5C}"
EndProject
Global
	GlobalSection(SolutionConfigurationPlatforms) = preSolution
		Debug|x64 = Debug|x64
		Debug|x86 = Debug|x86
		Release|x64 = Release|x64
		Release|x86 = Release|x86
	EndGlobalSection
	GlobalSection(ProjectConfigurationPlatforms) = postSolution
		{861B0179-68F8-4FC7-A3BB-3FFB280BB722}.Debug|x64.ActiveCfg = Debug|x64
		{861B0179-68F8-4FC7-A3BB-3FFB280BB722}.Debug|x64.Build.0 = Debug|x64
		{861B0179-68F8-4FC7-A3BB-3FFB280BB722}.Debug|x86.ActiveCfg = Debug|Win32
		{861B0179-68F8-4FC7-A3BB-3FFB280BB722}.Debug|x86.Build.0 = Debug|Win32
		{861B0179-68F8-4FC7-A3BB-3FFB280BB722}.Release|x64.ActiveCfg = Release|x64
		{861B0179-68F8-4FC7-A3BB-3FFB280BB722}.Release|x64.Build.0 = Release|x64
		{861B0179-68F8-4FC7-A3BB-3FFB280BB722}.Release|x86.ActiveCfg = Release|Win32
		{861B0179-68F8-4FC7-A3BB-3FFB280BB722}.Release|x86.Build.0 = Release|Win32
		{0C9B45D2-D2D9-4C24-ADA4-0A61F0BF2C5C}.Debug|x64.ActiveCfg = Debug|x64
		{0C9B45D2-D2D9-4C24-ADA4-0A61F0BF2C5C}.Debug|x64.Build.0 = Debug|x64
		{0C9B45D2-D2D9-4C24-ADA4-0A61F0BF2C5C}.Debug|x86.ActiveCfg = Debug|Win32
		{0C9B45D2-D2D9-4C24-ADA4-0A61F0BF2C5C}.Debug|x86.Build.0 = Debug|Win32
		{0C9B45D2-D2D9-4C24-ADA4-0A61F0BF2C5C}.Release|x64.ActiveCfg = Release|x64
		{0C9B45D2-D2D9-4C24-ADA4-0A61F0BF2C5C}.Release|x64.Build.0 = Release|x64
		{0C9B45D2-D2D9-4C24-ADA4-0A61F0BF2C5C}.Release|x86.ActiveCfg = Release|Win32
		{0C9B45D2-D2D9-4C24-ADA4-0A61F0BF2C5C}.Release|x86.Build.0 = Release|Win32
	EndGlobalSection
	GlobalSection(SolutionProperties) = preSolution
		HideSolutionNode = FALSE
	EndGlobalSection
	GlobalSection(ExtensibilityGlobals) = postSolution
		SolutionGuid = {FEF0DD46-E098-4924-BD68-EB3350F0BA9F}
	EndGlobalSection
EndGlobal
